
Microsoft Visual Studio Solution File, Format Version 12.00
# Visual Studio Version 16
VisualStudioVersion = 16.0.30204.135
MinimumVisualStudioVersion = 10.0.40219.1
Project("{8BC9CEB8-8B4A-11D0-8D11-00A0C91BC942}") = "cw16.8", "cw16.8.vcxproj", "{B8B47293-9EBA-41B7-A37F-BFA2EE20EA0B}"
EndProject
Global
	GlobalSection(SolutionConfigurationPlatforms) = preSolution
		Debug|x64 = Debug|x64
		Debug|x86 = Debug|x86
		Release|x64 = Release|x64
		Release|x86 = Release|x86
	EndGlobalSection
	GlobalSection(ProjectConfigurationPlatforms) = postSolution
		{B8B47293-9EBA-41B7-A37F-BFA2EE20EA0B}.Debug|x64.ActiveCfg = Debug|x64
		{B8B47293-9EBA-41B7-A37F-BFA2EE20EA0B}.Debug|x64.Build.0 = Debug|x64
		{B8B47293-9EBA-41B7-A37F-BFA2EE20EA0B}.Debug|x86.ActiveCfg = Debug|Win32
		{B8B47293-9EBA-41B7-A37F-BFA2EE20EA0B}.Debug|x86.Build.0 = Debug|Win32
		{B8B47293-9EBA-41B7-A37F-BFA2EE20EA0B}.Release|x64.ActiveCfg = Release|x64
		{B8B47293-9EBA-41B7-A37F-BFA2EE20EA0B}.Release|x64.Build.0 = Release|x64
		{B8B47293-9EBA-41B7-A37F-BFA2EE20EA0B}.Release|x86.ActiveCfg = Release|Win32
		{B8B47293-9EBA-41B7-A37F-BFA2EE20EA0B}.Release|x86.Build.0 = Release|Win32
	EndGlobalSection
	GlobalSection(SolutionProperties) = preSolution
		HideSolutionNode = FALSE
	EndGlobalSection
	GlobalSection(ExtensibilityGlobals) = postSolution
		SolutionGuid = {DE99B7C8-E132-4CB1-9A11-6DA2771CBB04}
	EndGlobalSection
EndGlobal
