
Microsoft Visual Studio Solution File, Format Version 12.00
# Visual Studio Version 16
VisualStudioVersion = 16.0.30204.135
MinimumVisualStudioVersion = 10.0.40219.1
Project("{8BC9CEB8-8B4A-11D0-8D11-00A0C91BC942}") = "15.18", "15.18.vcxproj", "{B61A3798-673E-4363-984B-58F3A8AF67CC}"
EndProject
Global
	GlobalSection(SolutionConfigurationPlatforms) = preSolution
		Debug|x64 = Debug|x64
		Debug|x86 = Debug|x86
		Release|x64 = Release|x64
		Release|x86 = Release|x86
	EndGlobalSection
	GlobalSection(ProjectConfigurationPlatforms) = postSolution
		{B61A3798-673E-4363-984B-58F3A8AF67CC}.Debug|x64.ActiveCfg = Debug|x64
		{B61A3798-673E-4363-984B-58F3A8AF67CC}.Debug|x64.Build.0 = Debug|x64
		{B61A3798-673E-4363-984B-58F3A8AF67CC}.Debug|x86.ActiveCfg = Debug|Win32
		{B61A3798-673E-4363-984B-58F3A8AF67CC}.Debug|x86.Build.0 = Debug|Win32
		{B61A3798-673E-4363-984B-58F3A8AF67CC}.Release|x64.ActiveCfg = Release|x64
		{B61A3798-673E-4363-984B-58F3A8AF67CC}.Release|x64.Build.0 = Release|x64
		{B61A3798-673E-4363-984B-58F3A8AF67CC}.Release|x86.ActiveCfg = Release|Win32
		{B61A3798-673E-4363-984B-58F3A8AF67CC}.Release|x86.Build.0 = Release|Win32
	EndGlobalSection
	GlobalSection(SolutionProperties) = preSolution
		HideSolutionNode = FALSE
	EndGlobalSection
	GlobalSection(ExtensibilityGlobals) = postSolution
		SolutionGuid = {3130E110-FC15-4650-AE40-8BC37D624E50}
	EndGlobalSection
EndGlobal
